// !$*UTF8*$!
{
	archiveVersion = 1;
	classes = {
	};
	objectVersion = 56;
	objects = {

/* Begin PBXBuildFile section */
		D55EA0852A08114700275FEA /* MyLandmarksApp.swift in Sources */ = {isa = PBXBuildFile; fileRef = D55EA0842A08114700275FEA /* MyLandmarksApp.swift */; };
		D55EA0872A08114700275FEA /* ContentView.swift in Sources */ = {isa = PBXBuildFile; fileRef = D55EA0862A08114700275FEA /* ContentView.swift */; };
		D55EA0892A08114800275FEA /* Assets.xcassets in Resources */ = {isa = PBXBuildFile; fileRef = D55EA0882A08114800275FEA /* Assets.xcassets */; };
		D55EA08C2A08114800275FEA /* Preview Assets.xcassets in Resources */ = {isa = PBXBuildFile; fileRef = D55EA08B2A08114800275FEA /* Preview Assets.xcassets */; };
		D5BC335A2A0FBAE30033EA24 /* CircleImage.swift in Sources */ = {isa = PBXBuildFile; fileRef = D5BC33592A0FBAE30033EA24 /* CircleImage.swift */; };
		D5BC335C2A0FC3180033EA24 /* MapView.swift in Sources */ = {isa = PBXBuildFile; fileRef = D5BC335B2A0FC3180033EA24 /* MapView.swift */; };
		D5BC336D2A0FC4260033EA24 /* LICENSE.txt in Resources */ = {isa = PBXBuildFile; fileRef = D5BC335F2A0FC4260033EA24 /* LICENSE.txt */; };
		D5BC33792A0FC4260033EA24 /* landmarkData.json in Resources */ = {isa = PBXBuildFile; fileRef = D5BC336C2A0FC4260033EA24 /* landmarkData.json */; };
		D5BC337B2A0FC43F0033EA24 /* Landmark.swift in Sources */ = {isa = PBXBuildFile; fileRef = D5BC337A2A0FC43F0033EA24 /* Landmark.swift */; };
		D5BC337E2A0FC5940033EA24 /* ModelData.swift in Sources */ = {isa = PBXBuildFile; fileRef = D5BC337D2A0FC5940033EA24 /* ModelData.swift */; };
		D5BC33822A0FC71B0033EA24 /* LandmarkRow.swift in Sources */ = {isa = PBXBuildFile; fileRef = D5BC33812A0FC71B0033EA24 /* LandmarkRow.swift */; };
		D5BC33842A0FC8B90033EA24 /* LandmarkList.swift in Sources */ = {isa = PBXBuildFile; fileRef = D5BC33832A0FC8B90033EA24 /* LandmarkList.swift */; };
		D5BC33862A0FCB0E0033EA24 /* LandmarkDetail.swift in Sources */ = {isa = PBXBuildFile; fileRef = D5BC33852A0FCB0E0033EA24 /* LandmarkDetail.swift */; };
/* End PBXBuildFile section */

/* Begin PBXFileReference section */
		D55EA0812A08114700275FEA /* MyLandmarks.app */ = {isa = PBXFileReference; explicitFileType = wrapper.application; includeInIndex = 0; path = MyLandmarks.app; sourceTree = BUILT_PRODUCTS_DIR; };
		D55EA0842A08114700275FEA /* MyLandmarksApp.swift */ = {isa = PBXFileReference; lastKnownFileType = sourcecode.swift; path = MyLandmarksApp.swift; sourceTree = "<group>"; };
		D55EA0862A08114700275FEA /* ContentView.swift */ = {isa = PBXFileReference; lastKnownFileType = sourcecode.swift; path = ContentView.swift; sourceTree = "<group>"; };
		D55EA0882A08114800275FEA /* Assets.xcassets */ = {isa = PBXFileReference; lastKnownFileType = folder.assetcatalog; path = Assets.xcassets; sourceTree = "<group>"; };
		D55EA08B2A08114800275FEA /* Preview Assets.xcassets */ = {isa = PBXFileReference; lastKnownFileType = folder.assetcatalog; path = "Preview Assets.xcassets"; sourceTree = "<group>"; };
		D5BC33592A0FBAE30033EA24 /* CircleImage.swift */ = {isa = PBXFileReference; lastKnownFileType = sourcecode.swift; path = CircleImage.swift; sourceTree = "<group>"; };
		D5BC335B2A0FC3180033EA24 /* MapView.swift */ = {isa = PBXFileReference; lastKnownFileType = sourcecode.swift; path = MapView.swift; sourceTree = "<group>"; };
		D5BC335F2A0FC4260033EA24 /* LICENSE.txt */ = {isa = PBXFileReference; fileEncoding = 4; lastKnownFileType = text; path = LICENSE.txt; sourceTree = "<group>"; };
		D5BC336C2A0FC4260033EA24 /* landmarkData.json */ = {isa = PBXFileReference; fileEncoding = 4; lastKnownFileType = text.json; path = landmarkData.json; sourceTree = "<group>"; };
		D5BC337A2A0FC43F0033EA24 /* Landmark.swift */ = {isa = PBXFileReference; lastKnownFileType = sourcecode.swift; path = Landmark.swift; sourceTree = "<group>"; };
		D5BC337D2A0FC5940033EA24 /* ModelData.swift */ = {isa = PBXFileReference; lastKnownFileType = sourcecode.swift; path = ModelData.swift; sourceTree = "<group>"; };
		D5BC33812A0FC71B0033EA24 /* LandmarkRow.swift */ = {isa = PBXFileReference; lastKnownFileType = sourcecode.swift; path = LandmarkRow.swift; sourceTree = "<group>"; };
		D5BC33832A0FC8B90033EA24 /* LandmarkList.swift */ = {isa = PBXFileReference; lastKnownFileType = sourcecode.swift; path = LandmarkList.swift; sourceTree = "<group>"; };
		D5BC33852A0FCB0E0033EA24 /* LandmarkDetail.swift */ = {isa = PBXFileReference; lastKnownFileType = sourcecode.swift; path = LandmarkDetail.swift; sourceTree = "<group>"; };
/* End PBXFileReference section */

/* Begin PBXFrameworksBuildPhase section */
		D55EA07E2A08114700275FEA /* Frameworks */ = {
			isa = PBXFrameworksBuildPhase;
			buildActionMask = 2147483647;
			files = (
			);
			runOnlyForDeploymentPostprocessing = 0;
		};
/* End PBXFrameworksBuildPhase section */

/* Begin PBXGroup section */
		D55EA0782A08114700275FEA = {
			isa = PBXGroup;
			children = (
				D55EA0832A08114700275FEA /* MyLandmarks */,
				D55EA0822A08114700275FEA /* Products */,
			);
			sourceTree = "<group>";
		};
		D55EA0822A08114700275FEA /* Products */ = {
			isa = PBXGroup;
			children = (
				D55EA0812A08114700275FEA /* MyLandmarks.app */,
			);
			name = Products;
			sourceTree = "<group>";
		};
		D55EA0832A08114700275FEA /* MyLandmarks */ = {
			isa = PBXGroup;
			children = (
				D55EA0842A08114700275FEA /* MyLandmarksApp.swift */,
				D5BC337F2A0FC5D10033EA24 /* Views */,
				D5BC33802A0FC6450033EA24 /* Model */,
				D5BC337C2A0FC50E0033EA24 /* Assets.xcassets */,
				D55EA08A2A08114800275FEA /* Preview Content */,
			);
			path = MyLandmarks;
			sourceTree = "<group>";
		};
		D55EA08A2A08114800275FEA /* Preview Content */ = {
			isa = PBXGroup;
			children = (
				D55EA08B2A08114800275FEA /* Preview Assets.xcassets */,
				D5BC335D2A0FC4260033EA24 /* Resources */,
			);
			path = "Preview Content";
			sourceTree = "<group>";
		};
		D5BC335D2A0FC4260033EA24 /* Resources */ = {
			isa = PBXGroup;
			children = (
				D5BC336C2A0FC4260033EA24 /* landmarkData.json */,
				D5BC335E2A0FC4260033EA24 /* LICENSE */,
				D5BC33602A0FC4260033EA24 /* Images */,
			);
			path = Resources;
			sourceTree = "<group>";
		};
		D5BC335E2A0FC4260033EA24 /* LICENSE */ = {
			isa = PBXGroup;
			children = (
				D5BC335F2A0FC4260033EA24 /* LICENSE.txt */,
			);
			path = LICENSE;
			sourceTree = "<group>";
		};
		D5BC33602A0FC4260033EA24 /* Images */ = {
			isa = PBXGroup;
			children = (
			);
			path = Images;
			sourceTree = "<group>";
		};
		D5BC337C2A0FC50E0033EA24 /* Assets.xcassets */ = {
			isa = PBXGroup;
			children = (
				D55EA0882A08114800275FEA /* Assets.xcassets */,
			);
			path = Assets.xcassets;
			sourceTree = "<group>";
		};
		D5BC337F2A0FC5D10033EA24 /* Views */ = {
			isa = PBXGroup;
			children = (
				D55EA0862A08114700275FEA /* ContentView.swift */,
				D5BC33592A0FBAE30033EA24 /* CircleImage.swift */,
				D5BC335B2A0FC3180033EA24 /* MapView.swift */,
				D5BC33812A0FC71B0033EA24 /* LandmarkRow.swift */,
				D5BC33832A0FC8B90033EA24 /* LandmarkList.swift */,
				D5BC33852A0FCB0E0033EA24 /* LandmarkDetail.swift */,
			);
			path = Views;
			sourceTree = "<group>";
		};
		D5BC33802A0FC6450033EA24 /* Model */ = {
			isa = PBXGroup;
			children = (
				D5BC337A2A0FC43F0033EA24 /* Landmark.swift */,
				D5BC337D2A0FC5940033EA24 /* ModelData.swift */,
			);
			path = Model;
			sourceTree = "<group>";
		};
/* End PBXGroup section */

/* Begin PBXNativeTarget section */
		D55EA0802A08114700275FEA /* MyLandmarks */ = {
			isa = PBXNativeTarget;
			buildConfigurationList = D55EA08F2A08114800275FEA /* Build configuration list for PBXNativeTarget "MyLandmarks" */;
			buildPhases = (
				D55EA07D2A08114700275FEA /* Sources */,
				D55EA07E2A08114700275FEA /* Frameworks */,
				D55EA07F2A08114700275FEA /* Resources */,
			);
			buildRules = (
			);
			dependencies = (
			);
			name = MyLandmarks;
			productName = MyLandmarks;
			productReference = D55EA0812A08114700275FEA /* MyLandmarks.app */;
			productType = "com.apple.product-type.application";
		};
/* End PBXNativeTarget section */

/* Begin PBXProject section */
		D55EA0792A08114700275FEA /* Project object */ = {
			isa = PBXProject;
			attributes = {
				BuildIndependentTargetsInParallel = 1;
				LastSwiftUpdateCheck = 1430;
				LastUpgradeCheck = 1430;
				TargetAttributes = {
					D55EA0802A08114700275FEA = {
						CreatedOnToolsVersion = 14.3;
					};
				};
			};
			buildConfigurationList = D55EA07C2A08114700275FEA /* Build configuration list for PBXProject "MyLandmarks" */;
			compatibilityVersion = "Xcode 14.0";
			developmentRegion = en;
			hasScannedForEncodings = 0;
			knownRegions = (
				en,
				Base,
			);
			mainGroup = D55EA0782A08114700275FEA;
			productRefGroup = D55EA0822A08114700275FEA /* Products */;
			projectDirPath = "";
			projectRoot = "";
			targets = (
				D55EA0802A08114700275FEA /* MyLandmarks */,
			);
		};
/* End PBXProject section */

/* Begin PBXResourcesBuildPhase section */
		D55EA07F2A08114700275FEA /* Resources */ = {
			isa = PBXResourcesBuildPhase;
			buildActionMask = 2147483647;
			files = (
				D5BC336D2A0FC4260033EA24 /* LICENSE.txt in Resources */,
				D55EA08C2A08114800275FEA /* Preview Assets.xcassets in Resources */,
				D5BC33792A0FC4260033EA24 /* landmarkData.json in Resources */,
				D55EA0892A08114800275FEA /* Assets.xcassets in Resources */,
			);
			runOnlyForDeploymentPostprocessing = 0;
		};
/* End PBXResourcesBuildPhase section */

/* Begin PBXSourcesBuildPhase section */
		D55EA07D2A08114700275FEA /* Sources */ = {
			isa = PBXSourcesBuildPhase;
			buildActionMask = 2147483647;
			files = (
				D55EA0872A08114700275FEA /* ContentView.swift in Sources */,
				D5BC335C2A0FC3180033EA24 /* MapView.swift in Sources */,
				D55EA0852A08114700275FEA /* MyLandmarksApp.swift in Sources */,
				D5BC33842A0FC8B90033EA24 /* LandmarkList.swift in Sources */,
				D5BC335A2A0FBAE30033EA24 /* CircleImage.swift in Sources */,
				D5BC337B2A0FC43F0033EA24 /* Landmark.swift in Sources */,
				D5BC33822A0FC71B0033EA24 /* LandmarkRow.swift in Sources */,
				D5BC337E2A0FC5940033EA24 /* ModelData.swift in Sources */,
				D5BC33862A0FCB0E0033EA24 /* LandmarkDetail.swift in Sources */,
			);
			runOnlyForDeploymentPostprocessing = 0;
		};
/* End PBXSourcesBuildPhase section */

/* Begin XCBuildConfiguration section */
		D55EA08D2A08114800275FEA /* Debug */ = {
			isa = XCBuildConfiguration;
			buildSettings = {
				ALWAYS_SEARCH_USER_PATHS = NO;
				CLANG_ANALYZER_NONNULL = YES;
				CLANG_ANALYZER_NUMBER_OBJECT_CONVERSION = YES_AGGRESSIVE;
				CLANG_CXX_LANGUAGE_STANDARD = "gnu++20";
				CLANG_ENABLE_MODULES = YES;
				CLANG_ENABLE_OBJC_ARC = YES;
				CLANG_ENABLE_OBJC_WEAK = YES;
				CLANG_WARN_BLOCK_CAPTURE_AUTORELEASING = YES;
				CLANG_WARN_BOOL_CONVERSION = YES;
				CLANG_WARN_COMMA = YES;
				CLANG_WARN_CONSTANT_CONVERSION = YES;
				CLANG_WARN_DEPRECATED_OBJC_IMPLEMENTATIONS = YES;
				CLANG_WARN_DIRECT_OBJC_ISA_USAGE = YES_ERROR;
				CLANG_WARN_DOCUMENTATION_COMMENTS = YES;
				CLANG_WARN_EMPTY_BODY = YES;
				CLANG_WARN_ENUM_CONVERSION = YES;
				CLANG_WARN_INFINITE_RECURSION = YES;
				CLANG_WARN_INT_CONVERSION = YES;
				CLANG_WARN_NON_LITERAL_NULL_CONVERSION = YES;
				CLANG_WARN_OBJC_IMPLICIT_RETAIN_SELF = YES;
				CLANG_WARN_OBJC_LITERAL_CONVERSION = YES;
				CLANG_WARN_OBJC_ROOT_CLASS = YES_ERROR;
				CLANG_WARN_QUOTED_INCLUDE_IN_FRAMEWORK_HEADER = YES;
				CLANG_WARN_RANGE_LOOP_ANALYSIS = YES;
				CLANG_WARN_STRICT_PROTOTYPES = YES;
				CLANG_WARN_SUSPICIOUS_MOVE = YES;
				CLANG_WARN_UNGUARDED_AVAILABILITY = YES_AGGRESSIVE;
				CLANG_WARN_UNREACHABLE_CODE = YES;
				CLANG_WARN__DUPLICATE_METHOD_MATCH = YES;
				COPY_PHASE_STRIP = NO;
				DEBUG_INFORMATION_FORMAT = dwarf;
				ENABLE_STRICT_OBJC_MSGSEND = YES;
				ENABLE_TESTABILITY = YES;
				GCC_C_LANGUAGE_STANDARD = gnu11;
				GCC_DYNAMIC_NO_PIC = NO;
				GCC_NO_COMMON_BLOCKS = YES;
				GCC_OPTIMIZATION_LEVEL = 0;
				GCC_PREPROCESSOR_DEFINITIONS = (
					"DEBUG=1",
					"$(inherited)",
				);
				GCC_WARN_64_TO_32_BIT_CONVERSION = YES;
				GCC_WARN_ABOUT_RETURN_TYPE = YES_ERROR;
				GCC_WARN_UNDECLARED_SELECTOR = YES;
				GCC_WARN_UNINITIALIZED_AUTOS = YES_AGGRESSIVE;
				GCC_WARN_UNUSED_FUNCTION = YES;
				GCC_WARN_UNUSED_VARIABLE = YES;
				IPHONEOS_DEPLOYMENT_TARGET = 16.4;
				MTL_ENABLE_DEBUG_INFO = INCLUDE_SOURCE;
				MTL_FAST_MATH = YES;
				ONLY_ACTIVE_ARCH = YES;
				SDKROOT = iphoneos;
				SWIFT_ACTIVE_COMPILATION_CONDITIONS = DEBUG;
				SWIFT_OPTIMIZATION_LEVEL = "-Onone";
			};
			name = Debug;
		};
		D55EA08E2A08114800275FEA /* Release */ = {
			isa = XCBuildConfiguration;
			buildSettings = {
				ALWAYS_SEARCH_USER_PATHS = NO;
				CLANG_ANALYZER_NONNULL = YES;
				CLANG_ANALYZER_NUMBER_OBJECT_CONVERSION = YES_AGGRESSIVE;
				CLANG_CXX_LANGUAGE_STANDARD = "gnu++20";
				CLANG_ENABLE_MODULES = YES;
				CLANG_ENABLE_OBJC_ARC = YES;
				CLANG_ENABLE_OBJC_WEAK = YES;
				CLANG_WARN_BLOCK_CAPTURE_AUTORELEASING = YES;
				CLANG_WARN_BOOL_CONVERSION = YES;
				CLANG_WARN_COMMA = YES;
				CLANG_WARN_CONSTANT_CONVERSION = YES;
				CLANG_WARN_DEPRECATED_OBJC_IMPLEMENTATIONS = YES;
				CLANG_WARN_DIRECT_OBJC_ISA_USAGE = YES_ERROR;
				CLANG_WARN_DOCUMENTATION_COMMENTS = YES;
				CLANG_WARN_EMPTY_BODY = YES;
				CLANG_WARN_ENUM_CONVERSION = YES;
				CLANG_WARN_INFINITE_RECURSION = YES;
				CLANG_WARN_INT_CONVERSION = YES;
				CLANG_WARN_NON_LITERAL_NULL_CONVERSION = YES;
				CLANG_WARN_OBJC_IMPLICIT_RETAIN_SELF = YES;
				CLANG_WARN_OBJC_LITERAL_CONVERSION = YES;
				CLANG_WARN_OBJC_ROOT_CLASS = YES_ERROR;
				CLANG_WARN_QUOTED_INCLUDE_IN_FRAMEWORK_HEADER = YES;
				CLANG_WARN_RANGE_LOOP_ANALYSIS = YES;
				CLANG_WARN_STRICT_PROTOTYPES = YES;
				CLANG_WARN_SUSPICIOUS_MOVE = YES;
				CLANG_WARN_UNGUARDED_AVAILABILITY = YES_AGGRESSIVE;
				CLANG_WARN_UNREACHABLE_CODE = YES;
				CLANG_WARN__DUPLICATE_METHOD_MATCH = YES;
				COPY_PHASE_STRIP = NO;
				DEBUG_INFORMATION_FORMAT = "dwarf-with-dsym";
				ENABLE_NS_ASSERTIONS = NO;
				ENABLE_STRICT_OBJC_MSGSEND = YES;
				GCC_C_LANGUAGE_STANDARD = gnu11;
				GCC_NO_COMMON_BLOCKS = YES;
				GCC_WARN_64_TO_32_BIT_CONVERSION = YES;
				GCC_WARN_ABOUT_RETURN_TYPE = YES_ERROR;
				GCC_WARN_UNDECLARED_SELECTOR = YES;
				GCC_WARN_UNINITIALIZED_AUTOS = YES_AGGRESSIVE;
				GCC_WARN_UNUSED_FUNCTION = YES;
				GCC_WARN_UNUSED_VARIABLE = YES;
				IPHONEOS_DEPLOYMENT_TARGET = 16.4;
				MTL_ENABLE_DEBUG_INFO = NO;
				MTL_FAST_MATH = YES;
				SDKROOT = iphoneos;
				SWIFT_COMPILATION_MODE = wholemodule;
				SWIFT_OPTIMIZATION_LEVEL = "-O";
				VALIDATE_PRODUCT = YES;
			};
			name = Release;
		};
		D55EA0902A08114800275FEA /* Debug */ = {
			isa = XCBuildConfiguration;
			buildSettings = {
				ASSETCATALOG_COMPILER_APPICON_NAME = AppIcon;
				ASSETCATALOG_COMPILER_GLOBAL_ACCENT_COLOR_NAME = AccentColor;
				CODE_SIGN_STYLE = Automatic;
				CURRENT_PROJECT_VERSION = 1;
				DEVELOPMENT_ASSET_PATHS = "\"MyLandmarks/Preview Content\"";
				DEVELOPMENT_TEAM = YGHQ3GX5FP;
				ENABLE_PREVIEWS = YES;
				GENERATE_INFOPLIST_FILE = YES;
				INFOPLIST_KEY_UIApplicationSceneManifest_Generation = YES;
				INFOPLIST_KEY_UIApplicationSupportsIndirectInputEvents = YES;
				INFOPLIST_KEY_UILaunchScreen_Generation = YES;
				INFOPLIST_KEY_UISupportedInterfaceOrientations_iPad = "UIInterfaceOrientationPortrait UIInterfaceOrientationPortraitUpsideDown UIInterfaceOrientationLandscapeLeft UIInterfaceOrientationLandscapeRight";
				INFOPLIST_KEY_UISupportedInterfaceOrientations_iPhone = "UIInterfaceOrientationPortrait UIInterfaceOrientationLandscapeLeft UIInterfaceOrientationLandscapeRight";
				LD_RUNPATH_SEARCH_PATHS = (
					"$(inherited)",
					"@executable_path/Frameworks",
				);
				MARKETING_VERSION = 1.0;
				PRODUCT_BUNDLE_IDENTIFIER = myProject.MyLandmarks;
				PRODUCT_NAME = "$(TARGET_NAME)";
				SWIFT_EMIT_LOC_STRINGS = YES;
				SWIFT_VERSION = 5.0;
				TARGETED_DEVICE_FAMILY = "1,2";
			};
			name = Debug;
		};
		D55EA0912A08114800275FEA /* Release */ = {
			isa = XCBuildConfiguration;
			buildSettings = {
				ASSETCATALOG_COMPILER_APPICON_NAME = AppIcon;
				ASSETCATALOG_COMPILER_GLOBAL_ACCENT_COLOR_NAME = AccentColor;
				CODE_SIGN_STYLE = Automatic;
				CURRENT_PROJECT_VERSION = 1;
				DEVELOPMENT_ASSET_PATHS = "\"MyLandmarks/Preview Content\"";
				DEVELOPMENT_TEAM = YGHQ3GX5FP;
				ENABLE_PREVIEWS = YES;
				GENERATE_INFOPLIST_FILE = YES;
				INFOPLIST_KEY_UIApplicationSceneManifest_Generation = YES;
				INFOPLIST_KEY_UIApplicationSupportsIndirectInputEvents = YES;
				INFOPLIST_KEY_UILaunchScreen_Generation = YES;
				INFOPLIST_KEY_UISupportedInterfaceOrientations_iPad = "UIInterfaceOrientationPortrait UIInterfaceOrientationPortraitUpsideDown UIInterfaceOrientationLandscapeLeft UIInterfaceOrientationLandscapeRight";
				INFOPLIST_KEY_UISupportedInterfaceOrientations_iPhone = "UIInterfaceOrientationPortrait UIInterfaceOrientationLandscapeLeft UIInterfaceOrientationLandscapeRight";
				LD_RUNPATH_SEARCH_PATHS = (
					"$(inherited)",
					"@executable_path/Frameworks",
				);
				MARKETING_VERSION = 1.0;
				PRODUCT_BUNDLE_IDENTIFIER = myProject.MyLandmarks;
				PRODUCT_NAME = "$(TARGET_NAME)";
				SWIFT_EMIT_LOC_STRINGS = YES;
				SWIFT_VERSION = 5.0;
				TARGETED_DEVICE_FAMILY = "1,2";
			};
			name = Release;
		};
/* End XCBuildConfiguration section */

/* Begin XCConfigurationList section */
		D55EA07C2A08114700275FEA /* Build configuration list for PBXProject "MyLandmarks" */ = {
			isa = XCConfigurationList;
			buildConfigurations = (
				D55EA08D2A08114800275FEA /* Debug */,
				D55EA08E2A08114800275FEA /* Release */,
			);
			defaultConfigurationIsVisible = 0;
			defaultConfigurationName = Release;
		};
		D55EA08F2A08114800275FEA /* Build configuration list for PBXNativeTarget "MyLandmarks" */ = {
			isa = XCConfigurationList;
			buildConfigurations = (
				D55EA0902A08114800275FEA /* Debug */,
				D55EA0912A08114800275FEA /* Release */,
			);
			defaultConfigurationIsVisible = 0;
			defaultConfigurationName = Release;
		};
/* End XCConfigurationList section */
	};
	rootObject = D55EA0792A08114700275FEA /* Project object */;
}
